
Microsoft Visual Studio Solution File, Format Version 12.00
# Visual Studio Version 16
VisualStudioVersion = 16.0.30517.126
MinimumVisualStudioVersion = 10.0.40219.1
Project("{FAE04EC0-301F-11D3-BF4B-00C04F79EFBC}") = "CFCDIGCli", "CFCDIGCli\CFCDIGCli.csproj", "{98D8BF32-4BCC-4D96-8091-C49AD044C328}"
EndProject
Global
	GlobalSection(SolutionConfigurationPlatforms) = preSolution
		Debug|Any CPU = Debug|Any CPU
		Release|Any CPU = Release|Any CPU
	EndGlobalSection
	GlobalSection(ProjectConfigurationPlatforms) = postSolution
		{98D8BF32-4BCC-4D96-8091-C49AD044C328}.Debug|Any CPU.ActiveCfg = Debug|Any CPU
		{98D8BF32-4BCC-4D96-8091-C49AD044C328}.Debug|Any CPU.Build.0 = Debug|Any CPU
		{98D8BF32-4BCC-4D96-8091-C49AD044C328}.Release|Any CPU.ActiveCfg = Release|Any CPU
		{98D8BF32-4BCC-4D96-8091-C49AD044C328}.Release|Any CPU.Build.0 = Release|Any CPU
	EndGlobalSection
	GlobalSection(SolutionProperties) = preSolution
		HideSolutionNode = FALSE
	EndGlobalSection
	GlobalSection(ExtensibilityGlobals) = postSolution
		SolutionGuid = {41D95AD8-8B5D-419B-9F4E-74D661056EEC}
	EndGlobalSection
EndGlobal
